
Microsoft Visual Studio Solution File, Format Version 12.00
# Visual Studio Version 16
VisualStudioVersion = 16.0.32630.194
MinimumVisualStudioVersion = 10.0.40219.1
Project("{FAE04EC0-301F-11D3-BF4B-00C04F79EFBC}") = "ConsoleApp1", "ConsoleApp1\ConsoleApp1.csproj", "{78E467F7-2DBD-4837-B777-BD448E7311F5}"
EndProject
Global
	GlobalSection(SolutionConfigurationPlatforms) = preSolution
		Debug|Any CPU = Debug|Any CPU
		Release|Any CPU = Release|Any CPU
	EndGlobalSection
	GlobalSection(ProjectConfigurationPlatforms) = postSolution
		{78E467F7-2DBD-4837-B777-BD448E7311F5}.Debug|Any CPU.ActiveCfg = Debug|Any CPU
		{78E467F7-2DBD-4837-B777-BD448E7311F5}.Debug|Any CPU.Build.0 = Debug|Any CPU
		{78E467F7-2DBD-4837-B777-BD448E7311F5}.Release|Any CPU.ActiveCfg = Release|Any CPU
		{78E467F7-2DBD-4837-B777-BD448E7311F5}.Release|Any CPU.Build.0 = Release|Any CPU
	EndGlobalSection
	GlobalSection(SolutionProperties) = preSolution
		HideSolutionNode = FALSE
	EndGlobalSection
	GlobalSection(ExtensibilityGlobals) = postSolution
		SolutionGuid = {4BA80A0E-B782-40EC-993A-01FE6D59C27A}
	EndGlobalSection
EndGlobal
