
Microsoft Visual Studio Solution File, Format Version 12.00
# Visual Studio Version 16
VisualStudioVersion = 16.0.32630.194
MinimumVisualStudioVersion = 10.0.40219.1
Project("{FAE04EC0-301F-11D3-BF4B-00C04F79EFBC}") = "ConsoleApp1", "ConsoleApp1\ConsoleApp1.csproj", "{D5B15F4F-9B05-4D89-84FC-643BEEBAE586}"
EndProject
Global
	GlobalSection(SolutionConfigurationPlatforms) = preSolution
		Debug|Any CPU = Debug|Any CPU
		Release|Any CPU = Release|Any CPU
	EndGlobalSection
	GlobalSection(ProjectConfigurationPlatforms) = postSolution
		{D5B15F4F-9B05-4D89-84FC-643BEEBAE586}.Debug|Any CPU.ActiveCfg = Debug|Any CPU
		{D5B15F4F-9B05-4D89-84FC-643BEEBAE586}.Debug|Any CPU.Build.0 = Debug|Any CPU
		{D5B15F4F-9B05-4D89-84FC-643BEEBAE586}.Release|Any CPU.ActiveCfg = Release|Any CPU
		{D5B15F4F-9B05-4D89-84FC-643BEEBAE586}.Release|Any CPU.Build.0 = Release|Any CPU
	EndGlobalSection
	GlobalSection(SolutionProperties) = preSolution
		HideSolutionNode = FALSE
	EndGlobalSection
	GlobalSection(ExtensibilityGlobals) = postSolution
		SolutionGuid = {98EC6AD3-6EDD-4830-B913-E1A8363F4D54}
	EndGlobalSection
EndGlobal
