
Microsoft Visual Studio Solution File, Format Version 12.00
# Visual Studio Version 16
VisualStudioVersion = 16.0.32630.194
MinimumVisualStudioVersion = 10.0.40219.1
Project("{FAE04EC0-301F-11D3-BF4B-00C04F79EFBC}") = "ConsoleApp1", "ConsoleApp1\ConsoleApp1.csproj", "{6C61D607-56F3-4BDC-A6AD-D18B5BF255DB}"
EndProject
Global
	GlobalSection(SolutionConfigurationPlatforms) = preSolution
		Debug|Any CPU = Debug|Any CPU
		Release|Any CPU = Release|Any CPU
	EndGlobalSection
	GlobalSection(ProjectConfigurationPlatforms) = postSolution
		{6C61D607-56F3-4BDC-A6AD-D18B5BF255DB}.Debug|Any CPU.ActiveCfg = Debug|Any CPU
		{6C61D607-56F3-4BDC-A6AD-D18B5BF255DB}.Debug|Any CPU.Build.0 = Debug|Any CPU
		{6C61D607-56F3-4BDC-A6AD-D18B5BF255DB}.Release|Any CPU.ActiveCfg = Release|Any CPU
		{6C61D607-56F3-4BDC-A6AD-D18B5BF255DB}.Release|Any CPU.Build.0 = Release|Any CPU
	EndGlobalSection
	GlobalSection(SolutionProperties) = preSolution
		HideSolutionNode = FALSE
	EndGlobalSection
	GlobalSection(ExtensibilityGlobals) = postSolution
		SolutionGuid = {9B0F0B10-3134-40FA-BFAB-CB517D1FAFA6}
	EndGlobalSection
EndGlobal
