
Microsoft Visual Studio Solution File, Format Version 12.00
# Visual Studio Version 16
VisualStudioVersion = 16.0.32630.194
MinimumVisualStudioVersion = 10.0.40219.1
Project("{FAE04EC0-301F-11D3-BF4B-00C04F79EFBC}") = "ConsoleApp1", "ConsoleApp1\ConsoleApp1.csproj", "{F524B404-FC9B-4E60-8759-9B9FBF35C5CA}"
EndProject
Global
	GlobalSection(SolutionConfigurationPlatforms) = preSolution
		Debug|Any CPU = Debug|Any CPU
		Release|Any CPU = Release|Any CPU
	EndGlobalSection
	GlobalSection(ProjectConfigurationPlatforms) = postSolution
		{F524B404-FC9B-4E60-8759-9B9FBF35C5CA}.Debug|Any CPU.ActiveCfg = Debug|Any CPU
		{F524B404-FC9B-4E60-8759-9B9FBF35C5CA}.Debug|Any CPU.Build.0 = Debug|Any CPU
		{F524B404-FC9B-4E60-8759-9B9FBF35C5CA}.Release|Any CPU.ActiveCfg = Release|Any CPU
		{F524B404-FC9B-4E60-8759-9B9FBF35C5CA}.Release|Any CPU.Build.0 = Release|Any CPU
	EndGlobalSection
	GlobalSection(SolutionProperties) = preSolution
		HideSolutionNode = FALSE
	EndGlobalSection
	GlobalSection(ExtensibilityGlobals) = postSolution
		SolutionGuid = {838599DB-A82D-43FC-9026-CF54B853AC8E}
	EndGlobalSection
EndGlobal
